
Microsoft Visual Studio Solution File, Format Version 12.00
# Visual Studio 14
VisualStudioVersion = 14.0.23107.0
MinimumVisualStudioVersion = 10.0.40219.1
Project("{FAE04EC0-301F-11D3-BF4B-00C04F79EFBC}") = "DirectologHelper", "DirectologHelper\DirectologHelper.csproj", "{149F02C9-5018-4903-A220-79902B9D908D}"
EndProject
Project("{FAE04EC0-301F-11D3-BF4B-00C04F79EFBC}") = "DirectologControls", "DirectologControls\DirectologControls.csproj", "{B956B7A7-5FD4-43E5-A19E-6033B052A6A2}"
EndProject
Global
	GlobalSection(SolutionConfigurationPlatforms) = preSolution
		Debug|Any CPU = Debug|Any CPU
		Release|Any CPU = Release|Any CPU
	EndGlobalSection
	GlobalSection(ProjectConfigurationPlatforms) = postSolution
		{149F02C9-5018-4903-A220-79902B9D908D}.Debug|Any CPU.ActiveCfg = Debug|Any CPU
		{149F02C9-5018-4903-A220-79902B9D908D}.Debug|Any CPU.Build.0 = Debug|Any CPU
		{149F02C9-5018-4903-A220-79902B9D908D}.Release|Any CPU.ActiveCfg = Release|Any CPU
		{149F02C9-5018-4903-A220-79902B9D908D}.Release|Any CPU.Build.0 = Release|Any CPU
		{B956B7A7-5FD4-43E5-A19E-6033B052A6A2}.Debug|Any CPU.ActiveCfg = Debug|Any CPU
		{B956B7A7-5FD4-43E5-A19E-6033B052A6A2}.Debug|Any CPU.Build.0 = Debug|Any CPU
		{B956B7A7-5FD4-43E5-A19E-6033B052A6A2}.Release|Any CPU.ActiveCfg = Release|Any CPU
		{B956B7A7-5FD4-43E5-A19E-6033B052A6A2}.Release|Any CPU.Build.0 = Release|Any CPU
	EndGlobalSection
	GlobalSection(SolutionProperties) = preSolution
		HideSolutionNode = FALSE
	EndGlobalSection
EndGlobal
